
Microsoft Visual Studio Solution File, Format Version 12.00
# Visual Studio Version 16
VisualStudioVersion = 16.0.30907.101
MinimumVisualStudioVersion = 10.0.40219.1
Project("{FAE04EC0-301F-11D3-BF4B-00C04F79EFBC}") = "EventMd", "EventMd\EventMd.csproj", "{828EB75B-3BC1-4E86-B56A-1E868DB7C896}"
EndProject
Global
	GlobalSection(SolutionConfigurationPlatforms) = preSolution
		Debug|Any CPU = Debug|Any CPU
		Release|Any CPU = Release|Any CPU
	EndGlobalSection
	GlobalSection(ProjectConfigurationPlatforms) = postSolution
		{828EB75B-3BC1-4E86-B56A-1E868DB7C896}.Debug|Any CPU.ActiveCfg = Debug|Any CPU
		{828EB75B-3BC1-4E86-B56A-1E868DB7C896}.Debug|Any CPU.Build.0 = Debug|Any CPU
		{828EB75B-3BC1-4E86-B56A-1E868DB7C896}.Release|Any CPU.ActiveCfg = Release|Any CPU
		{828EB75B-3BC1-4E86-B56A-1E868DB7C896}.Release|Any CPU.Build.0 = Release|Any CPU
	EndGlobalSection
	GlobalSection(SolutionProperties) = preSolution
		HideSolutionNode = FALSE
	EndGlobalSection
	GlobalSection(ExtensibilityGlobals) = postSolution
		SolutionGuid = {2D326588-B1E3-4B24-B5FB-EF76F65CA29B}
	EndGlobalSection
EndGlobal
